// !$*UTF8*$!
{
	archiveVersion = 1;
	classes = {
	};
	objectVersion = 46;
	objects = {

/* Begin PBXBuildFile section */
		71330D691F9F3CB1002F747B /* main.m in Sources */ = {isa = PBXBuildFile; fileRef = 71330D681F9F3CB1002F747B /* main.m */; };
		71330D6C1F9F3CB1002F747B /* AppDelegate.m in Sources */ = {isa = PBXBuildFile; fileRef = 71330D6B1F9F3CB1002F747B /* AppDelegate.m */; };
		71330D6F1F9F3CB1002F747B /* ViewController.m in Sources */ = {isa = PBXBuildFile; fileRef = 71330D6E1F9F3CB1002F747B /* ViewController.m */; };
		71330D741F9F3CB1002F747B /* Assets.xcassets in Resources */ = {isa = PBXBuildFile; fileRef = 71330D731F9F3CB1002F747B /* Assets.xcassets */; };
		71330D771F9F3CB1002F747B /* LaunchScreen.storyboard in Resources */ = {isa = PBXBuildFile; fileRef = 71330D751F9F3CB1002F747B /* LaunchScreen.storyboard */; };
		71330D821F9F3CB1002F747B /* KYButtonTests.m in Sources */ = {isa = PBXBuildFile; fileRef = 71330D811F9F3CB1002F747B /* KYButtonTests.m */; };
		71330D8D1F9F3CB1002F747B /* KYButtonUITests.m in Sources */ = {isa = PBXBuildFile; fileRef = 71330D8C1F9F3CB1002F747B /* KYButtonUITests.m */; };
		71330DA11F9F3DD3002F747B /* UIButton+Layout.m in Sources */ = {isa = PBXBuildFile; fileRef = 71330DA01F9F3DD3002F747B /* UIButton+Layout.m */; };
		71330DA41F9F3E0C002F747B /* KYButton.m in Sources */ = {isa = PBXBuildFile; fileRef = 71330DA31F9F3E0C002F747B /* KYButton.m */; };
		71330DA61F9F3E62002F747B /* Main.storyboard in Resources */ = {isa = PBXBuildFile; fileRef = 71330DA51F9F3E62002F747B /* Main.storyboard */; };
/* End PBXBuildFile section */

/* Begin PBXContainerItemProxy section */
		71330D7E1F9F3CB1002F747B /* PBXContainerItemProxy */ = {
			isa = PBXContainerItemProxy;
			containerPortal = 71330D5C1F9F3CB1002F747B /* Project object */;
			proxyType = 1;
			remoteGlobalIDString = 71330D631F9F3CB1002F747B;
			remoteInfo = KYButton;
		};
		71330D891F9F3CB1002F747B /* PBXContainerItemProxy */ = {
			isa = PBXContainerItemProxy;
			containerPortal = 71330D5C1F9F3CB1002F747B /* Project object */;
			proxyType = 1;
			remoteGlobalIDString = 71330D631F9F3CB1002F747B;
			remoteInfo = KYButton;
		};
/* End PBXContainerItemProxy section */

/* Begin PBXFileReference section */
		71330D641F9F3CB1002F747B /* KYButton.app */ = {isa = PBXFileReference; explicitFileType = wrapper.application; includeInIndex = 0; path = KYButton.app; sourceTree = BUILT_PRODUCTS_DIR; };
		71330D681F9F3CB1002F747B /* main.m */ = {isa = PBXFileReference; lastKnownFileType = sourcecode.c.objc; path = main.m; sourceTree = "<group>"; };
		71330D6A1F9F3CB1002F747B /* AppDelegate.h */ = {isa = PBXFileReference; lastKnownFileType = sourcecode.c.h; path = AppDelegate.h; sourceTree = "<group>"; };
		71330D6B1F9F3CB1002F747B /* AppDelegate.m */ = {isa = PBXFileReference; lastKnownFileType = sourcecode.c.objc; path = AppDelegate.m; sourceTree = "<group>"; };
		71330D6D1F9F3CB1002F747B /* ViewController.h */ = {isa = PBXFileReference; lastKnownFileType = sourcecode.c.h; path = ViewController.h; sourceTree = "<group>"; };
		71330D6E1F9F3CB1002F747B /* ViewController.m */ = {isa = PBXFileReference; lastKnownFileType = sourcecode.c.objc; path = ViewController.m; sourceTree = "<group>"; };
		71330D731F9F3CB1002F747B /* Assets.xcassets */ = {isa = PBXFileReference; lastKnownFileType = folder.assetcatalog; path = Assets.xcassets; sourceTree = "<group>"; };
		71330D761F9F3CB1002F747B /* Base */ = {isa = PBXFileReference; lastKnownFileType = file.storyboard; name = Base; path = Base.lproj/LaunchScreen.storyboard; sourceTree = "<group>"; };
		71330D781F9F3CB1002F747B /* Info.plist */ = {isa = PBXFileReference; lastKnownFileType = text.plist.xml; path = Info.plist; sourceTree = "<group>"; };
		71330D7D1F9F3CB1002F747B /* KYButtonTests.xctest */ = {isa = PBXFileReference; explicitFileType = wrapper.cfbundle; includeInIndex = 0; path = KYButtonTests.xctest; sourceTree = BUILT_PRODUCTS_DIR; };
		71330D811F9F3CB1002F747B /* KYButtonTests.m */ = {isa = PBXFileReference; lastKnownFileType = sourcecode.c.objc; path = KYButtonTests.m; sourceTree = "<group>"; };
		71330D831F9F3CB1002F747B /* Info.plist */ = {isa = PBXFileReference; lastKnownFileType = text.plist.xml; path = Info.plist; sourceTree = "<group>"; };
		71330D881F9F3CB1002F747B /* KYButtonUITests.xctest */ = {isa = PBXFileReference; explicitFileType = wrapper.cfbundle; includeInIndex = 0; path = KYButtonUITests.xctest; sourceTree = BUILT_PRODUCTS_DIR; };
		71330D8C1F9F3CB1002F747B /* KYButtonUITests.m */ = {isa = PBXFileReference; lastKnownFileType = sourcecode.c.objc; path = KYButtonUITests.m; sourceTree = "<group>"; };
		71330D8E1F9F3CB1002F747B /* Info.plist */ = {isa = PBXFileReference; lastKnownFileType = text.plist.xml; path = Info.plist; sourceTree = "<group>"; };
		71330D9F1F9F3DD3002F747B /* UIButton+Layout.h */ = {isa = PBXFileReference; fileEncoding = 4; lastKnownFileType = sourcecode.c.h; path = "UIButton+Layout.h"; sourceTree = "<group>"; };
		71330DA01F9F3DD3002F747B /* UIButton+Layout.m */ = {isa = PBXFileReference; fileEncoding = 4; lastKnownFileType = sourcecode.c.objc; path = "UIButton+Layout.m"; sourceTree = "<group>"; };
		71330DA21F9F3E0C002F747B /* KYButton.h */ = {isa = PBXFileReference; fileEncoding = 4; lastKnownFileType = sourcecode.c.h; path = KYButton.h; sourceTree = "<group>"; };
		71330DA31F9F3E0C002F747B /* KYButton.m */ = {isa = PBXFileReference; fileEncoding = 4; lastKnownFileType = sourcecode.c.objc; path = KYButton.m; sourceTree = "<group>"; };
		71330DA51F9F3E62002F747B /* Main.storyboard */ = {isa = PBXFileReference; fileEncoding = 4; lastKnownFileType = file.storyboard; path = Main.storyboard; sourceTree = "<group>"; };
/* End PBXFileReference section */

/* Begin PBXFrameworksBuildPhase section */
		71330D611F9F3CB1002F747B /* Frameworks */ = {
			isa = PBXFrameworksBuildPhase;
			buildActionMask = 2147483647;
			files = (
			);
			runOnlyForDeploymentPostprocessing = 0;
		};
		71330D7A1F9F3CB1002F747B /* Frameworks */ = {
			isa = PBXFrameworksBuildPhase;
			buildActionMask = 2147483647;
			files = (
			);
			runOnlyForDeploymentPostprocessing = 0;
		};
		71330D851F9F3CB1002F747B /* Frameworks */ = {
			isa = PBXFrameworksBuildPhase;
			buildActionMask = 2147483647;
			files = (
			);
			runOnlyForDeploymentPostprocessing = 0;
		};
/* End PBXFrameworksBuildPhase section */

/* Begin PBXGroup section */
		71330D5B1F9F3CB1002F747B = {
			isa = PBXGroup;
			children = (
				71330D661F9F3CB1002F747B /* KYButton */,
				71330D801F9F3CB1002F747B /* KYButtonTests */,
				71330D8B1F9F3CB1002F747B /* KYButtonUITests */,
				71330D651F9F3CB1002F747B /* Products */,
			);
			sourceTree = "<group>";
		};
		71330D651F9F3CB1002F747B /* Products */ = {
			isa = PBXGroup;
			children = (
				71330D641F9F3CB1002F747B /* KYButton.app */,
				71330D7D1F9F3CB1002F747B /* KYButtonTests.xctest */,
				71330D881F9F3CB1002F747B /* KYButtonUITests.xctest */,
			);
			name = Products;
			sourceTree = "<group>";
		};
		71330D661F9F3CB1002F747B /* KYButton */ = {
			isa = PBXGroup;
			children = (
				71330D9E1F9F3DD3002F747B /* KYButton */,
				71330D6A1F9F3CB1002F747B /* AppDelegate.h */,
				71330D6B1F9F3CB1002F747B /* AppDelegate.m */,
				71330D6D1F9F3CB1002F747B /* ViewController.h */,
				71330D6E1F9F3CB1002F747B /* ViewController.m */,
				71330DA51F9F3E62002F747B /* Main.storyboard */,
				71330D731F9F3CB1002F747B /* Assets.xcassets */,
				71330D751F9F3CB1002F747B /* LaunchScreen.storyboard */,
				71330D781F9F3CB1002F747B /* Info.plist */,
				71330D671F9F3CB1002F747B /* Supporting Files */,
			);
			path = KYButton;
			sourceTree = "<group>";
		};
		71330D671F9F3CB1002F747B /* Supporting Files */ = {
			isa = PBXGroup;
			children = (
				71330D681F9F3CB1002F747B /* main.m */,
			);
			name = "Supporting Files";
			sourceTree = "<group>";
		};
		71330D801F9F3CB1002F747B /* KYButtonTests */ = {
			isa = PBXGroup;
			children = (
				71330D811F9F3CB1002F747B /* KYButtonTests.m */,
				71330D831F9F3CB1002F747B /* Info.plist */,
			);
			path = KYButtonTests;
			sourceTree = "<group>";
		};
		71330D8B1F9F3CB1002F747B /* KYButtonUITests */ = {
			isa = PBXGroup;
			children = (
				71330D8C1F9F3CB1002F747B /* KYButtonUITests.m */,
				71330D8E1F9F3CB1002F747B /* Info.plist */,
			);
			path = KYButtonUITests;
			sourceTree = "<group>";
		};
		71330D9E1F9F3DD3002F747B /* KYButton */ = {
			isa = PBXGroup;
			children = (
				71330D9F1F9F3DD3002F747B /* UIButton+Layout.h */,
				71330DA01F9F3DD3002F747B /* UIButton+Layout.m */,
				71330DA21F9F3E0C002F747B /* KYButton.h */,
				71330DA31F9F3E0C002F747B /* KYButton.m */,
			);
			path = KYButton;
			sourceTree = "<group>";
		};
/* End PBXGroup section */

/* Begin PBXNativeTarget section */
		71330D631F9F3CB1002F747B /* KYButton */ = {
			isa = PBXNativeTarget;
			buildConfigurationList = 71330D911F9F3CB1002F747B /* Build configuration list for PBXNativeTarget "KYButton" */;
			buildPhases = (
				71330D601F9F3CB1002F747B /* Sources */,
				71330D611F9F3CB1002F747B /* Frameworks */,
				71330D621F9F3CB1002F747B /* Resources */,
			);
			buildRules = (
			);
			dependencies = (
			);
			name = KYButton;
			productName = KYButton;
			productReference = 71330D641F9F3CB1002F747B /* KYButton.app */;
			productType = "com.apple.product-type.application";
		};
		71330D7C1F9F3CB1002F747B /* KYButtonTests */ = {
			isa = PBXNativeTarget;
			buildConfigurationList = 71330D941F9F3CB1002F747B /* Build configuration list for PBXNativeTarget "KYButtonTests" */;
			buildPhases = (
				71330D791F9F3CB1002F747B /* Sources */,
				71330D7A1F9F3CB1002F747B /* Frameworks */,
				71330D7B1F9F3CB1002F747B /* Resources */,
			);
			buildRules = (
			);
			dependencies = (
				71330D7F1F9F3CB1002F747B /* PBXTargetDependency */,
			);
			name = KYButtonTests;
			productName = KYButtonTests;
			productReference = 71330D7D1F9F3CB1002F747B /* KYButtonTests.xctest */;
			productType = "com.apple.product-type.bundle.unit-test";
		};
		71330D871F9F3CB1002F747B /* KYButtonUITests */ = {
			isa = PBXNativeTarget;
			buildConfigurationList = 71330D971F9F3CB1002F747B /* Build configuration list for PBXNativeTarget "KYButtonUITests" */;
			buildPhases = (
				71330D841F9F3CB1002F747B /* Sources */,
				71330D851F9F3CB1002F747B /* Frameworks */,
				71330D861F9F3CB1002F747B /* Resources */,
			);
			buildRules = (
			);
			dependencies = (
				71330D8A1F9F3CB1002F747B /* PBXTargetDependency */,
			);
			name = KYButtonUITests;
			productName = KYButtonUITests;
			productReference = 71330D881F9F3CB1002F747B /* KYButtonUITests.xctest */;
			productType = "com.apple.product-type.bundle.ui-testing";
		};
/* End PBXNativeTarget section */

/* Begin PBXProject section */
		71330D5C1F9F3CB1002F747B /* Project object */ = {
			isa = PBXProject;
			attributes = {
				LastUpgradeCheck = 0830;
				ORGANIZATIONNAME = xsj.zky;
				TargetAttributes = {
					71330D631F9F3CB1002F747B = {
						CreatedOnToolsVersion = 8.3.2;
						ProvisioningStyle = Automatic;
					};
					71330D7C1F9F3CB1002F747B = {
						CreatedOnToolsVersion = 8.3.2;
						ProvisioningStyle = Automatic;
						TestTargetID = 71330D631F9F3CB1002F747B;
					};
					71330D871F9F3CB1002F747B = {
						CreatedOnToolsVersion = 8.3.2;
						ProvisioningStyle = Automatic;
						TestTargetID = 71330D631F9F3CB1002F747B;
					};
				};
			};
			buildConfigurationList = 71330D5F1F9F3CB1002F747B /* Build configuration list for PBXProject "KYButton" */;
			compatibilityVersion = "Xcode 3.2";
			developmentRegion = English;
			hasScannedForEncodings = 0;
			knownRegions = (
				en,
				Base,
			);
			mainGroup = 71330D5B1F9F3CB1002F747B;
			productRefGroup = 71330D651F9F3CB1002F747B /* Products */;
			projectDirPath = "";
			projectRoot = "";
			targets = (
				71330D631F9F3CB1002F747B /* KYButton */,
				71330D7C1F9F3CB1002F747B /* KYButtonTests */,
				71330D871F9F3CB1002F747B /* KYButtonUITests */,
			);
		};
/* End PBXProject section */

/* Begin PBXResourcesBuildPhase section */
		71330D621F9F3CB1002F747B /* Resources */ = {
			isa = PBXResourcesBuildPhase;
			buildActionMask = 2147483647;
			files = (
				71330D771F9F3CB1002F747B /* LaunchScreen.storyboard in Resources */,
				71330D741F9F3CB1002F747B /* Assets.xcassets in Resources */,
				71330DA61F9F3E62002F747B /* Main.storyboard in Resources */,
			);
			runOnlyForDeploymentPostprocessing = 0;
		};
		71330D7B1F9F3CB1002F747B /* Resources */ = {
			isa = PBXResourcesBuildPhase;
			buildActionMask = 2147483647;
			files = (
			);
			runOnlyForDeploymentPostprocessing = 0;
		};
		71330D861F9F3CB1002F747B /* Resources */ = {
			isa = PBXResourcesBuildPhase;
			buildActionMask = 2147483647;
			files = (
			);
			runOnlyForDeploymentPostprocessing = 0;
		};
/* End PBXResourcesBuildPhase section */

/* Begin PBXSourcesBuildPhase section */
		71330D601F9F3CB1002F747B /* Sources */ = {
			isa = PBXSourcesBuildPhase;
			buildActionMask = 2147483647;
			files = (
				71330D6F1F9F3CB1002F747B /* ViewController.m in Sources */,
				71330D6C1F9F3CB1002F747B /* AppDelegate.m in Sources */,
				71330D691F9F3CB1002F747B /* main.m in Sources */,
				71330DA11F9F3DD3002F747B /* UIButton+Layout.m in Sources */,
				71330DA41F9F3E0C002F747B /* KYButton.m in Sources */,
			);
			runOnlyForDeploymentPostprocessing = 0;
		};
		71330D791F9F3CB1002F747B /* Sources */ = {
			isa = PBXSourcesBuildPhase;
			buildActionMask = 2147483647;
			files = (
				71330D821F9F3CB1002F747B /* KYButtonTests.m in Sources */,
			);
			runOnlyForDeploymentPostprocessing = 0;
		};
		71330D841F9F3CB1002F747B /* Sources */ = {
			isa = PBXSourcesBuildPhase;
			buildActionMask = 2147483647;
			files = (
				71330D8D1F9F3CB1002F747B /* KYButtonUITests.m in Sources */,
			);
			runOnlyForDeploymentPostprocessing = 0;
		};
/* End PBXSourcesBuildPhase section */

/* Begin PBXTargetDependency section */
		71330D7F1F9F3CB1002F747B /* PBXTargetDependency */ = {
			isa = PBXTargetDependency;
			target = 71330D631F9F3CB1002F747B /* KYButton */;
			targetProxy = 71330D7E1F9F3CB1002F747B /* PBXContainerItemProxy */;
		};
		71330D8A1F9F3CB1002F747B /* PBXTargetDependency */ = {
			isa = PBXTargetDependency;
			target = 71330D631F9F3CB1002F747B /* KYButton */;
			targetProxy = 71330D891F9F3CB1002F747B /* PBXContainerItemProxy */;
		};
/* End PBXTargetDependency section */

/* Begin PBXVariantGroup section */
		71330D751F9F3CB1002F747B /* LaunchScreen.storyboard */ = {
			isa = PBXVariantGroup;
			children = (
				71330D761F9F3CB1002F747B /* Base */,
			);
			name = LaunchScreen.storyboard;
			sourceTree = "<group>";
		};
/* End PBXVariantGroup section */

/* Begin XCBuildConfiguration section */
		71330D8F1F9F3CB1002F747B /* Debug */ = {
			isa = XCBuildConfiguration;
			buildSettings = {
				ALWAYS_SEARCH_USER_PATHS = NO;
				CLANG_ANALYZER_NONNULL = YES;
				CLANG_ANALYZER_NUMBER_OBJECT_CONVERSION = YES_AGGRESSIVE;
				CLANG_CXX_LANGUAGE_STANDARD = "gnu++0x";
				CLANG_CXX_LIBRARY = "libc++";
				CLANG_ENABLE_MODULES = YES;
				CLANG_ENABLE_OBJC_ARC = YES;
				CLANG_WARN_BOOL_CONVERSION = YES;
				CLANG_WARN_CONSTANT_CONVERSION = YES;
				CLANG_WARN_DIRECT_OBJC_ISA_USAGE = YES_ERROR;
				CLANG_WARN_DOCUMENTATION_COMMENTS = YES;
				CLANG_WARN_EMPTY_BODY = YES;
				CLANG_WARN_ENUM_CONVERSION = YES;
				CLANG_WARN_INFINITE_RECURSION = YES;
				CLANG_WARN_INT_CONVERSION = YES;
				CLANG_WARN_OBJC_ROOT_CLASS = YES_ERROR;
				CLANG_WARN_SUSPICIOUS_MOVE = YES;
				CLANG_WARN_UNREACHABLE_CODE = YES;
				CLANG_WARN__DUPLICATE_METHOD_MATCH = YES;
				"CODE_SIGN_IDENTITY[sdk=iphoneos*]" = "iPhone Developer";
				COPY_PHASE_STRIP = NO;
				DEBUG_INFORMATION_FORMAT = dwarf;
				ENABLE_STRICT_OBJC_MSGSEND = YES;
				ENABLE_TESTABILITY = YES;
				GCC_C_LANGUAGE_STANDARD = gnu99;
				GCC_DYNAMIC_NO_PIC = NO;
				GCC_NO_COMMON_BLOCKS = YES;
				GCC_OPTIMIZATION_LEVEL = 0;
				GCC_PREPROCESSOR_DEFINITIONS = (
					"DEBUG=1",
					"$(inherited)",
				);
				GCC_WARN_64_TO_32_BIT_CONVERSION = YES;
				GCC_WARN_ABOUT_RETURN_TYPE = YES_ERROR;
				GCC_WARN_UNDECLARED_SELECTOR = YES;
				GCC_WARN_UNINITIALIZED_AUTOS = YES_AGGRESSIVE;
				GCC_WARN_UNUSED_FUNCTION = YES;
				GCC_WARN_UNUSED_VARIABLE = YES;
				IPHONEOS_DEPLOYMENT_TARGET = 10.3;
				MTL_ENABLE_DEBUG_INFO = YES;
				ONLY_ACTIVE_ARCH = YES;
				SDKROOT = iphoneos;
			};
			name = Debug;
		};
		71330D901F9F3CB1002F747B /* Release */ = {
			isa = XCBuildConfiguration;
			buildSettings = {
				ALWAYS_SEARCH_USER_PATHS = NO;
				CLANG_ANALYZER_NONNULL = YES;
				CLANG_ANALYZER_NUMBER_OBJECT_CONVERSION = YES_AGGRESSIVE;
				CLANG_CXX_LANGUAGE_STANDARD = "gnu++0x";
				CLANG_CXX_LIBRARY = "libc++";
				CLANG_ENABLE_MODULES = YES;
				CLANG_ENABLE_OBJC_ARC = YES;
				CLANG_WARN_BOOL_CONVERSION = YES;
				CLANG_WARN_CONSTANT_CONVERSION = YES;
				CLANG_WARN_DIRECT_OBJC_ISA_USAGE = YES_ERROR;
				CLANG_WARN_DOCUMENTATION_COMMENTS = YES;
				CLANG_WARN_EMPTY_BODY = YES;
				CLANG_WARN_ENUM_CONVERSION = YES;
				CLANG_WARN_INFINITE_RECURSION = YES;
				CLANG_WARN_INT_CONVERSION = YES;
				CLANG_WARN_OBJC_ROOT_CLASS = YES_ERROR;
				CLANG_WARN_SUSPICIOUS_MOVE = YES;
				CLANG_WARN_UNREACHABLE_CODE = YES;
				CLANG_WARN__DUPLICATE_METHOD_MATCH = YES;
				"CODE_SIGN_IDENTITY[sdk=iphoneos*]" = "iPhone Developer";
				COPY_PHASE_STRIP = NO;
				DEBUG_INFORMATION_FORMAT = "dwarf-with-dsym";
				ENABLE_NS_ASSERTIONS = NO;
				ENABLE_STRICT_OBJC_MSGSEND = YES;
				GCC_C_LANGUAGE_STANDARD = gnu99;
				GCC_NO_COMMON_BLOCKS = YES;
				GCC_WARN_64_TO_32_BIT_CONVERSION = YES;
				GCC_WARN_ABOUT_RETURN_TYPE = YES_ERROR;
				GCC_WARN_UNDECLARED_SELECTOR = YES;
				GCC_WARN_UNINITIALIZED_AUTOS = YES_AGGRESSIVE;
				GCC_WARN_UNUSED_FUNCTION = YES;
				GCC_WARN_UNUSED_VARIABLE = YES;
				IPHONEOS_DEPLOYMENT_TARGET = 10.3;
				MTL_ENABLE_DEBUG_INFO = NO;
				SDKROOT = iphoneos;
				VALIDATE_PRODUCT = YES;
			};
			name = Release;
		};
		71330D921F9F3CB1002F747B /* Debug */ = {
			isa = XCBuildConfiguration;
			buildSettings = {
				ASSETCATALOG_COMPILER_APPICON_NAME = AppIcon;
				INFOPLIST_FILE = KYButton/Info.plist;
				LD_RUNPATH_SEARCH_PATHS = "$(inherited) @executable_path/Frameworks";
				PRODUCT_BUNDLE_IDENTIFIER = com.xsj.KYButton;
				PRODUCT_NAME = "$(TARGET_NAME)";
			};
			name = Debug;
		};
		71330D931F9F3CB1002F747B /* Release */ = {
			isa = XCBuildConfiguration;
			buildSettings = {
				ASSETCATALOG_COMPILER_APPICON_NAME = AppIcon;
				INFOPLIST_FILE = KYButton/Info.plist;
				LD_RUNPATH_SEARCH_PATHS = "$(inherited) @executable_path/Frameworks";
				PRODUCT_BUNDLE_IDENTIFIER = com.xsj.KYButton;
				PRODUCT_NAME = "$(TARGET_NAME)";
			};
			name = Release;
		};
		71330D951F9F3CB1002F747B /* Debug */ = {
			isa = XCBuildConfiguration;
			buildSettings = {
				BUNDLE_LOADER = "$(TEST_HOST)";
				INFOPLIST_FILE = KYButtonTests/Info.plist;
				LD_RUNPATH_SEARCH_PATHS = "$(inherited) @executable_path/Frameworks @loader_path/Frameworks";
				PRODUCT_BUNDLE_IDENTIFIER = com.xsj.KYButtonTests;
				PRODUCT_NAME = "$(TARGET_NAME)";
				TEST_HOST = "$(BUILT_PRODUCTS_DIR)/KYButton.app/KYButton";
			};
			name = Debug;
		};
		71330D961F9F3CB1002F747B /* Release */ = {
			isa = XCBuildConfiguration;
			buildSettings = {
				BUNDLE_LOADER = "$(TEST_HOST)";
				INFOPLIST_FILE = KYButtonTests/Info.plist;
				LD_RUNPATH_SEARCH_PATHS = "$(inherited) @executable_path/Frameworks @loader_path/Frameworks";
				PRODUCT_BUNDLE_IDENTIFIER = com.xsj.KYButtonTests;
				PRODUCT_NAME = "$(TARGET_NAME)";
				TEST_HOST = "$(BUILT_PRODUCTS_DIR)/KYButton.app/KYButton";
			};
			name = Release;
		};
		71330D981F9F3CB1002F747B /* Debug */ = {
			isa = XCBuildConfiguration;
			buildSettings = {
				INFOPLIST_FILE = KYButtonUITests/Info.plist;
				LD_RUNPATH_SEARCH_PATHS = "$(inherited) @executable_path/Frameworks @loader_path/Frameworks";
				PRODUCT_BUNDLE_IDENTIFIER = com.xsj.KYButtonUITests;
				PRODUCT_NAME = "$(TARGET_NAME)";
				TEST_TARGET_NAME = KYButton;
			};
			name = Debug;
		};
		71330D991F9F3CB1002F747B /* Release */ = {
			isa = XCBuildConfiguration;
			buildSettings = {
				INFOPLIST_FILE = KYButtonUITests/Info.plist;
				LD_RUNPATH_SEARCH_PATHS = "$(inherited) @executable_path/Frameworks @loader_path/Frameworks";
				PRODUCT_BUNDLE_IDENTIFIER = com.xsj.KYButtonUITests;
				PRODUCT_NAME = "$(TARGET_NAME)";
				TEST_TARGET_NAME = KYButton;
			};
			name = Release;
		};
/* End XCBuildConfiguration section */

/* Begin XCConfigurationList section */
		71330D5F1F9F3CB1002F747B /* Build configuration list for PBXProject "KYButton" */ = {
			isa = XCConfigurationList;
			buildConfigurations = (
				71330D8F1F9F3CB1002F747B /* Debug */,
				71330D901F9F3CB1002F747B /* Release */,
			);
			defaultConfigurationIsVisible = 0;
			defaultConfigurationName = Release;
		};
		71330D911F9F3CB1002F747B /* Build configuration list for PBXNativeTarget "KYButton" */ = {
			isa = XCConfigurationList;
			buildConfigurations = (
				71330D921F9F3CB1002F747B /* Debug */,
				71330D931F9F3CB1002F747B /* Release */,
			);
			defaultConfigurationIsVisible = 0;
		};
		71330D941F9F3CB1002F747B /* Build configuration list for PBXNativeTarget "KYButtonTests" */ = {
			isa = XCConfigurationList;
			buildConfigurations = (
				71330D951F9F3CB1002F747B /* Debug */,
				71330D961F9F3CB1002F747B /* Release */,
			);
			defaultConfigurationIsVisible = 0;
		};
		71330D971F9F3CB1002F747B /* Build configuration list for PBXNativeTarget "KYButtonUITests" */ = {
			isa = XCConfigurationList;
			buildConfigurations = (
				71330D981F9F3CB1002F747B /* Debug */,
				71330D991F9F3CB1002F747B /* Release */,
			);
			defaultConfigurationIsVisible = 0;
		};
/* End XCConfigurationList section */
	};
	rootObject = 71330D5C1F9F3CB1002F747B /* Project object */;
}
